
Microsoft Visual Studio Solution File, Format Version 12.00
# Visual Studio 14
VisualStudioVersion = 14.0.24720.0
MinimumVisualStudioVersion = 10.0.40219.1
Project("{FAE04EC0-301F-11D3-BF4B-00C04F79EFBC}") = "ConsoleApplication", "ConsoleApplication\ConsoleApplication.csproj", "{F90F821D-ABBB-434C-B852-D5EF04C4A438}"
EndProject
Project("{FAE04EC0-301F-11D3-BF4B-00C04F79EFBC}") = "PetStoreSimple", "PetStoreSimple\PetStoreSimple.csproj", "{5D4B56C6-07FE-4D75-8DD6-32ECF48FBDA9}"
EndProject
Global
	GlobalSection(SolutionConfigurationPlatforms) = preSolution
		Debug|Any CPU = Debug|Any CPU
		Release|Any CPU = Release|Any CPU
	EndGlobalSection
	GlobalSection(ProjectConfigurationPlatforms) = postSolution
		{F90F821D-ABBB-434C-B852-D5EF04C4A438}.Debug|Any CPU.ActiveCfg = Debug|Any CPU
		{F90F821D-ABBB-434C-B852-D5EF04C4A438}.Debug|Any CPU.Build.0 = Debug|Any CPU
		{F90F821D-ABBB-434C-B852-D5EF04C4A438}.Release|Any CPU.ActiveCfg = Release|Any CPU
		{F90F821D-ABBB-434C-B852-D5EF04C4A438}.Release|Any CPU.Build.0 = Release|Any CPU
		{5D4B56C6-07FE-4D75-8DD6-32ECF48FBDA9}.Debug|Any CPU.ActiveCfg = Debug|Any CPU
		{5D4B56C6-07FE-4D75-8DD6-32ECF48FBDA9}.Debug|Any CPU.Build.0 = Debug|Any CPU
		{5D4B56C6-07FE-4D75-8DD6-32ECF48FBDA9}.Release|Any CPU.ActiveCfg = Release|Any CPU
		{5D4B56C6-07FE-4D75-8DD6-32ECF48FBDA9}.Release|Any CPU.Build.0 = Release|Any CPU
	EndGlobalSection
	GlobalSection(SolutionProperties) = preSolution
		HideSolutionNode = FALSE
	EndGlobalSection
EndGlobal
